// !$*UTF8*$!
{
	archiveVersion = 1;
	classes = {
	};
	objectVersion = 56;
	objects = {

/* Begin PBXBuildFile section */
		046159592CCB663F00539DB3 /* AppDelegate.swift in Sources */ = {isa = PBXBuildFile; fileRef = 046159582CCB663F00539DB3 /* AppDelegate.swift */; };
		0461595B2CCB663F00539DB3 /* SceneDelegate.swift in Sources */ = {isa = PBXBuildFile; fileRef = 0461595A2CCB663F00539DB3 /* SceneDelegate.swift */; };
		0461595D2CCB663F00539DB3 /* ViewController.swift in Sources */ = {isa = PBXBuildFile; fileRef = 0461595C2CCB663F00539DB3 /* ViewController.swift */; };
		046159602CCB663F00539DB3 /* Main.storyboard in Resources */ = {isa = PBXBuildFile; fileRef = 0461595E2CCB663F00539DB3 /* Main.storyboard */; };
		046159622CCB664100539DB3 /* Assets.xcassets in Resources */ = {isa = PBXBuildFile; fileRef = 046159612CCB664100539DB3 /* Assets.xcassets */; };
		046159652CCB664100539DB3 /* LaunchScreen.storyboard in Resources */ = {isa = PBXBuildFile; fileRef = 046159632CCB664100539DB3 /* LaunchScreen.storyboard */; };
		046159702CCB664100539DB3 /* UdderTests.swift in Sources */ = {isa = PBXBuildFile; fileRef = 0461596F2CCB664100539DB3 /* UdderTests.swift */; };
		0461597A2CCB664100539DB3 /* UdderUITests.swift in Sources */ = {isa = PBXBuildFile; fileRef = 046159792CCB664100539DB3 /* UdderUITests.swift */; };
		0461597C2CCB664100539DB3 /* UdderUITestsLaunchTests.swift in Sources */ = {isa = PBXBuildFile; fileRef = 0461597B2CCB664100539DB3 /* UdderUITestsLaunchTests.swift */; };
/* End PBXBuildFile section */

/* Begin PBXContainerItemProxy section */
		0461596C2CCB664100539DB3 /* PBXContainerItemProxy */ = {
			isa = PBXContainerItemProxy;
			containerPortal = 0461594D2CCB663F00539DB3 /* Project object */;
			proxyType = 1;
			remoteGlobalIDString = 046159542CCB663F00539DB3;
			remoteInfo = Udder;
		};
		046159762CCB664100539DB3 /* PBXContainerItemProxy */ = {
			isa = PBXContainerItemProxy;
			containerPortal = 0461594D2CCB663F00539DB3 /* Project object */;
			proxyType = 1;
			remoteGlobalIDString = 046159542CCB663F00539DB3;
			remoteInfo = Udder;
		};
/* End PBXContainerItemProxy section */

/* Begin PBXFileReference section */
		046159552CCB663F00539DB3 /* Udder.app */ = {isa = PBXFileReference; explicitFileType = wrapper.application; includeInIndex = 0; path = Udder.app; sourceTree = BUILT_PRODUCTS_DIR; };
		046159582CCB663F00539DB3 /* AppDelegate.swift */ = {isa = PBXFileReference; lastKnownFileType = sourcecode.swift; path = AppDelegate.swift; sourceTree = "<group>"; };
		0461595A2CCB663F00539DB3 /* SceneDelegate.swift */ = {isa = PBXFileReference; lastKnownFileType = sourcecode.swift; path = SceneDelegate.swift; sourceTree = "<group>"; };
		0461595C2CCB663F00539DB3 /* ViewController.swift */ = {isa = PBXFileReference; lastKnownFileType = sourcecode.swift; path = ViewController.swift; sourceTree = "<group>"; };
		0461595F2CCB663F00539DB3 /* Base */ = {isa = PBXFileReference; lastKnownFileType = file.storyboard; name = Base; path = Base.lproj/Main.storyboard; sourceTree = "<group>"; };
		046159612CCB664100539DB3 /* Assets.xcassets */ = {isa = PBXFileReference; lastKnownFileType = folder.assetcatalog; path = Assets.xcassets; sourceTree = "<group>"; };
		046159642CCB664100539DB3 /* Base */ = {isa = PBXFileReference; lastKnownFileType = file.storyboard; name = Base; path = Base.lproj/LaunchScreen.storyboard; sourceTree = "<group>"; };
		046159662CCB664100539DB3 /* Info.plist */ = {isa = PBXFileReference; lastKnownFileType = text.plist.xml; path = Info.plist; sourceTree = "<group>"; };
		0461596B2CCB664100539DB3 /* UdderTests.xctest */ = {isa = PBXFileReference; explicitFileType = wrapper.cfbundle; includeInIndex = 0; path = UdderTests.xctest; sourceTree = BUILT_PRODUCTS_DIR; };
		0461596F2CCB664100539DB3 /* UdderTests.swift */ = {isa = PBXFileReference; lastKnownFileType = sourcecode.swift; path = UdderTests.swift; sourceTree = "<group>"; };
		046159752CCB664100539DB3 /* UdderUITests.xctest */ = {isa = PBXFileReference; explicitFileType = wrapper.cfbundle; includeInIndex = 0; path = UdderUITests.xctest; sourceTree = BUILT_PRODUCTS_DIR; };
		046159792CCB664100539DB3 /* UdderUITests.swift */ = {isa = PBXFileReference; lastKnownFileType = sourcecode.swift; path = UdderUITests.swift; sourceTree = "<group>"; };
		0461597B2CCB664100539DB3 /* UdderUITestsLaunchTests.swift */ = {isa = PBXFileReference; lastKnownFileType = sourcecode.swift; path = UdderUITestsLaunchTests.swift; sourceTree = "<group>"; };
/* End PBXFileReference section */

/* Begin PBXFrameworksBuildPhase section */
		046159522CCB663F00539DB3 /* Frameworks */ = {
			isa = PBXFrameworksBuildPhase;
			buildActionMask = 2147483647;
			files = (
			);
			runOnlyForDeploymentPostprocessing = 0;
		};
		046159682CCB664100539DB3 /* Frameworks */ = {
			isa = PBXFrameworksBuildPhase;
			buildActionMask = 2147483647;
			files = (
			);
			runOnlyForDeploymentPostprocessing = 0;
		};
		046159722CCB664100539DB3 /* Frameworks */ = {
			isa = PBXFrameworksBuildPhase;
			buildActionMask = 2147483647;
			files = (
			);
			runOnlyForDeploymentPostprocessing = 0;
		};
/* End PBXFrameworksBuildPhase section */

/* Begin PBXGroup section */
		0461594C2CCB663E00539DB3 = {
			isa = PBXGroup;
			children = (
				046159572CCB663F00539DB3 /* Udder */,
				0461596E2CCB664100539DB3 /* UdderTests */,
				046159782CCB664100539DB3 /* UdderUITests */,
				046159562CCB663F00539DB3 /* Products */,
			);
			sourceTree = "<group>";
		};
		046159562CCB663F00539DB3 /* Products */ = {
			isa = PBXGroup;
			children = (
				046159552CCB663F00539DB3 /* Udder.app */,
				0461596B2CCB664100539DB3 /* UdderTests.xctest */,
				046159752CCB664100539DB3 /* UdderUITests.xctest */,
			);
			name = Products;
			sourceTree = "<group>";
		};
		046159572CCB663F00539DB3 /* Udder */ = {
			isa = PBXGroup;
			children = (
				046159582CCB663F00539DB3 /* AppDelegate.swift */,
				0461595A2CCB663F00539DB3 /* SceneDelegate.swift */,
				0461595C2CCB663F00539DB3 /* ViewController.swift */,
				0461595E2CCB663F00539DB3 /* Main.storyboard */,
				046159612CCB664100539DB3 /* Assets.xcassets */,
				046159632CCB664100539DB3 /* LaunchScreen.storyboard */,
				046159662CCB664100539DB3 /* Info.plist */,
			);
			path = Udder;
			sourceTree = "<group>";
		};
		0461596E2CCB664100539DB3 /* UdderTests */ = {
			isa = PBXGroup;
			children = (
				0461596F2CCB664100539DB3 /* UdderTests.swift */,
			);
			path = UdderTests;
			sourceTree = "<group>";
		};
		046159782CCB664100539DB3 /* UdderUITests */ = {
			isa = PBXGroup;
			children = (
				046159792CCB664100539DB3 /* UdderUITests.swift */,
				0461597B2CCB664100539DB3 /* UdderUITestsLaunchTests.swift */,
			);
			path = UdderUITests;
			sourceTree = "<group>";
		};
/* End PBXGroup section */

/* Begin PBXNativeTarget section */
		046159542CCB663F00539DB3 /* Udder */ = {
			isa = PBXNativeTarget;
			buildConfigurationList = 0461597F2CCB664100539DB3 /* Build configuration list for PBXNativeTarget "Udder" */;
			buildPhases = (
				046159512CCB663F00539DB3 /* Sources */,
				046159522CCB663F00539DB3 /* Frameworks */,
				046159532CCB663F00539DB3 /* Resources */,
			);
			buildRules = (
			);
			dependencies = (
			);
			name = Udder;
			productName = Udder;
			productReference = 046159552CCB663F00539DB3 /* Udder.app */;
			productType = "com.apple.product-type.application";
		};
		0461596A2CCB664100539DB3 /* UdderTests */ = {
			isa = PBXNativeTarget;
			buildConfigurationList = 046159822CCB664100539DB3 /* Build configuration list for PBXNativeTarget "UdderTests" */;
			buildPhases = (
				046159672CCB664100539DB3 /* Sources */,
				046159682CCB664100539DB3 /* Frameworks */,
				046159692CCB664100539DB3 /* Resources */,
			);
			buildRules = (
			);
			dependencies = (
				0461596D2CCB664100539DB3 /* PBXTargetDependency */,
			);
			name = UdderTests;
			productName = UdderTests;
			productReference = 0461596B2CCB664100539DB3 /* UdderTests.xctest */;
			productType = "com.apple.product-type.bundle.unit-test";
		};
		046159742CCB664100539DB3 /* UdderUITests */ = {
			isa = PBXNativeTarget;
			buildConfigurationList = 046159852CCB664100539DB3 /* Build configuration list for PBXNativeTarget "UdderUITests" */;
			buildPhases = (
				046159712CCB664100539DB3 /* Sources */,
				046159722CCB664100539DB3 /* Frameworks */,
				046159732CCB664100539DB3 /* Resources */,
			);
			buildRules = (
			);
			dependencies = (
				046159772CCB664100539DB3 /* PBXTargetDependency */,
			);
			name = UdderUITests;
			productName = UdderUITests;
			productReference = 046159752CCB664100539DB3 /* UdderUITests.xctest */;
			productType = "com.apple.product-type.bundle.ui-testing";
		};
/* End PBXNativeTarget section */

/* Begin PBXProject section */
		0461594D2CCB663F00539DB3 /* Project object */ = {
			isa = PBXProject;
			attributes = {
				BuildIndependentTargetsInParallel = 1;
				LastSwiftUpdateCheck = 1520;
				LastUpgradeCheck = 1520;
				TargetAttributes = {
					046159542CCB663F00539DB3 = {
						CreatedOnToolsVersion = 15.2;
					};
					0461596A2CCB664100539DB3 = {
						CreatedOnToolsVersion = 15.2;
						TestTargetID = 046159542CCB663F00539DB3;
					};
					046159742CCB664100539DB3 = {
						CreatedOnToolsVersion = 15.2;
						TestTargetID = 046159542CCB663F00539DB3;
					};
				};
			};
			buildConfigurationList = 046159502CCB663F00539DB3 /* Build configuration list for PBXProject "Udder" */;
			compatibilityVersion = "Xcode 14.0";
			developmentRegion = en;
			hasScannedForEncodings = 0;
			knownRegions = (
				en,
				Base,
			);
			mainGroup = 0461594C2CCB663E00539DB3;
			productRefGroup = 046159562CCB663F00539DB3 /* Products */;
			projectDirPath = "";
			projectRoot = "";
			targets = (
				046159542CCB663F00539DB3 /* Udder */,
				0461596A2CCB664100539DB3 /* UdderTests */,
				046159742CCB664100539DB3 /* UdderUITests */,
			);
		};
/* End PBXProject section */

/* Begin PBXResourcesBuildPhase section */
		046159532CCB663F00539DB3 /* Resources */ = {
			isa = PBXResourcesBuildPhase;
			buildActionMask = 2147483647;
			files = (
				046159652CCB664100539DB3 /* LaunchScreen.storyboard in Resources */,
				046159622CCB664100539DB3 /* Assets.xcassets in Resources */,
				046159602CCB663F00539DB3 /* Main.storyboard in Resources */,
			);
			runOnlyForDeploymentPostprocessing = 0;
		};
		046159692CCB664100539DB3 /* Resources */ = {
			isa = PBXResourcesBuildPhase;
			buildActionMask = 2147483647;
			files = (
			);
			runOnlyForDeploymentPostprocessing = 0;
		};
		046159732CCB664100539DB3 /* Resources */ = {
			isa = PBXResourcesBuildPhase;
			buildActionMask = 2147483647;
			files = (
			);
			runOnlyForDeploymentPostprocessing = 0;
		};
/* End PBXResourcesBuildPhase section */

/* Begin PBXSourcesBuildPhase section */
		046159512CCB663F00539DB3 /* Sources */ = {
			isa = PBXSourcesBuildPhase;
			buildActionMask = 2147483647;
			files = (
				0461595D2CCB663F00539DB3 /* ViewController.swift in Sources */,
				046159592CCB663F00539DB3 /* AppDelegate.swift in Sources */,
				0461595B2CCB663F00539DB3 /* SceneDelegate.swift in Sources */,
			);
			runOnlyForDeploymentPostprocessing = 0;
		};
		046159672CCB664100539DB3 /* Sources */ = {
			isa = PBXSourcesBuildPhase;
			buildActionMask = 2147483647;
			files = (
				046159702CCB664100539DB3 /* UdderTests.swift in Sources */,
			);
			runOnlyForDeploymentPostprocessing = 0;
		};
		046159712CCB664100539DB3 /* Sources */ = {
			isa = PBXSourcesBuildPhase;
			buildActionMask = 2147483647;
			files = (
				0461597A2CCB664100539DB3 /* UdderUITests.swift in Sources */,
				0461597C2CCB664100539DB3 /* UdderUITestsLaunchTests.swift in Sources */,
			);
			runOnlyForDeploymentPostprocessing = 0;
		};
/* End PBXSourcesBuildPhase section */

/* Begin PBXTargetDependency section */
		0461596D2CCB664100539DB3 /* PBXTargetDependency */ = {
			isa = PBXTargetDependency;
			target = 046159542CCB663F00539DB3 /* Udder */;
			targetProxy = 0461596C2CCB664100539DB3 /* PBXContainerItemProxy */;
		};
		046159772CCB664100539DB3 /* PBXTargetDependency */ = {
			isa = PBXTargetDependency;
			target = 046159542CCB663F00539DB3 /* Udder */;
			targetProxy = 046159762CCB664100539DB3 /* PBXContainerItemProxy */;
		};
/* End PBXTargetDependency section */

/* Begin PBXVariantGroup section */
		0461595E2CCB663F00539DB3 /* Main.storyboard */ = {
			isa = PBXVariantGroup;
			children = (
				0461595F2CCB663F00539DB3 /* Base */,
			);
			name = Main.storyboard;
			sourceTree = "<group>";
		};
		046159632CCB664100539DB3 /* LaunchScreen.storyboard */ = {
			isa = PBXVariantGroup;
			children = (
				046159642CCB664100539DB3 /* Base */,
			);
			name = LaunchScreen.storyboard;
			sourceTree = "<group>";
		};
/* End PBXVariantGroup section */

/* Begin XCBuildConfiguration section */
		0461597D2CCB664100539DB3 /* Debug */ = {
			isa = XCBuildConfiguration;
			buildSettings = {
				ALWAYS_SEARCH_USER_PATHS = NO;
				ASSETCATALOG_COMPILER_GENERATE_SWIFT_ASSET_SYMBOL_EXTENSIONS = YES;
				CLANG_ANALYZER_NONNULL = YES;
				CLANG_ANALYZER_NUMBER_OBJECT_CONVERSION = YES_AGGRESSIVE;
				CLANG_CXX_LANGUAGE_STANDARD = "gnu++20";
				CLANG_ENABLE_MODULES = YES;
				CLANG_ENABLE_OBJC_ARC = YES;
				CLANG_ENABLE_OBJC_WEAK = YES;
				CLANG_WARN_BLOCK_CAPTURE_AUTORELEASING = YES;
				CLANG_WARN_BOOL_CONVERSION = YES;
				CLANG_WARN_COMMA = YES;
				CLANG_WARN_CONSTANT_CONVERSION = YES;
				CLANG_WARN_DEPRECATED_OBJC_IMPLEMENTATIONS = YES;
				CLANG_WARN_DIRECT_OBJC_ISA_USAGE = YES_ERROR;
				CLANG_WARN_DOCUMENTATION_COMMENTS = YES;
				CLANG_WARN_EMPTY_BODY = YES;
				CLANG_WARN_ENUM_CONVERSION = YES;
				CLANG_WARN_INFINITE_RECURSION = YES;
				CLANG_WARN_INT_CONVERSION = YES;
				CLANG_WARN_NON_LITERAL_NULL_CONVERSION = YES;
				CLANG_WARN_OBJC_IMPLICIT_RETAIN_SELF = YES;
				CLANG_WARN_OBJC_LITERAL_CONVERSION = YES;
				CLANG_WARN_OBJC_ROOT_CLASS = YES_ERROR;
				CLANG_WARN_QUOTED_INCLUDE_IN_FRAMEWORK_HEADER = YES;
				CLANG_WARN_RANGE_LOOP_ANALYSIS = YES;
				CLANG_WARN_STRICT_PROTOTYPES = YES;
				CLANG_WARN_SUSPICIOUS_MOVE = YES;
				CLANG_WARN_UNGUARDED_AVAILABILITY = YES_AGGRESSIVE;
				CLANG_WARN_UNREACHABLE_CODE = YES;
				CLANG_WARN__DUPLICATE_METHOD_MATCH = YES;
				COPY_PHASE_STRIP = NO;
				DEBUG_INFORMATION_FORMAT = dwarf;
				ENABLE_STRICT_OBJC_MSGSEND = YES;
				ENABLE_TESTABILITY = YES;
				ENABLE_USER_SCRIPT_SANDBOXING = YES;
				GCC_C_LANGUAGE_STANDARD = gnu17;
				GCC_DYNAMIC_NO_PIC = NO;
				GCC_NO_COMMON_BLOCKS = YES;
				GCC_OPTIMIZATION_LEVEL = 0;
				GCC_PREPROCESSOR_DEFINITIONS = (
					"DEBUG=1",
					"$(inherited)",
				);
				GCC_WARN_64_TO_32_BIT_CONVERSION = YES;
				GCC_WARN_ABOUT_RETURN_TYPE = YES_ERROR;
				GCC_WARN_UNDECLARED_SELECTOR = YES;
				GCC_WARN_UNINITIALIZED_AUTOS = YES_AGGRESSIVE;
				GCC_WARN_UNUSED_FUNCTION = YES;
				GCC_WARN_UNUSED_VARIABLE = YES;
				IPHONEOS_DEPLOYMENT_TARGET = 17.2;
				LOCALIZATION_PREFERS_STRING_CATALOGS = YES;
				MTL_ENABLE_DEBUG_INFO = INCLUDE_SOURCE;
				MTL_FAST_MATH = YES;
				ONLY_ACTIVE_ARCH = YES;
				SDKROOT = iphoneos;
				SWIFT_ACTIVE_COMPILATION_CONDITIONS = "DEBUG $(inherited)";
				SWIFT_OPTIMIZATION_LEVEL = "-Onone";
			};
			name = Debug;
		};
		0461597E2CCB664100539DB3 /* Release */ = {
			isa = XCBuildConfiguration;
			buildSettings = {
				ALWAYS_SEARCH_USER_PATHS = NO;
				ASSETCATALOG_COMPILER_GENERATE_SWIFT_ASSET_SYMBOL_EXTENSIONS = YES;
				CLANG_ANALYZER_NONNULL = YES;
				CLANG_ANALYZER_NUMBER_OBJECT_CONVERSION = YES_AGGRESSIVE;
				CLANG_CXX_LANGUAGE_STANDARD = "gnu++20";
				CLANG_ENABLE_MODULES = YES;
				CLANG_ENABLE_OBJC_ARC = YES;
				CLANG_ENABLE_OBJC_WEAK = YES;
				CLANG_WARN_BLOCK_CAPTURE_AUTORELEASING = YES;
				CLANG_WARN_BOOL_CONVERSION = YES;
				CLANG_WARN_COMMA = YES;
				CLANG_WARN_CONSTANT_CONVERSION = YES;
				CLANG_WARN_DEPRECATED_OBJC_IMPLEMENTATIONS = YES;
				CLANG_WARN_DIRECT_OBJC_ISA_USAGE = YES_ERROR;
				CLANG_WARN_DOCUMENTATION_COMMENTS = YES;
				CLANG_WARN_EMPTY_BODY = YES;
				CLANG_WARN_ENUM_CONVERSION = YES;
				CLANG_WARN_INFINITE_RECURSION = YES;
				CLANG_WARN_INT_CONVERSION = YES;
				CLANG_WARN_NON_LITERAL_NULL_CONVERSION = YES;
				CLANG_WARN_OBJC_IMPLICIT_RETAIN_SELF = YES;
				CLANG_WARN_OBJC_LITERAL_CONVERSION = YES;
				CLANG_WARN_OBJC_ROOT_CLASS = YES_ERROR;
				CLANG_WARN_QUOTED_INCLUDE_IN_FRAMEWORK_HEADER = YES;
				CLANG_WARN_RANGE_LOOP_ANALYSIS = YES;
				CLANG_WARN_STRICT_PROTOTYPES = YES;
				CLANG_WARN_SUSPICIOUS_MOVE = YES;
				CLANG_WARN_UNGUARDED_AVAILABILITY = YES_AGGRESSIVE;
				CLANG_WARN_UNREACHABLE_CODE = YES;
				CLANG_WARN__DUPLICATE_METHOD_MATCH = YES;
				COPY_PHASE_STRIP = NO;
				DEBUG_INFORMATION_FORMAT = "dwarf-with-dsym";
				ENABLE_NS_ASSERTIONS = NO;
				ENABLE_STRICT_OBJC_MSGSEND = YES;
				ENABLE_USER_SCRIPT_SANDBOXING = YES;
				GCC_C_LANGUAGE_STANDARD = gnu17;
				GCC_NO_COMMON_BLOCKS = YES;
				GCC_WARN_64_TO_32_BIT_CONVERSION = YES;
				GCC_WARN_ABOUT_RETURN_TYPE = YES_ERROR;
				GCC_WARN_UNDECLARED_SELECTOR = YES;
				GCC_WARN_UNINITIALIZED_AUTOS = YES_AGGRESSIVE;
				GCC_WARN_UNUSED_FUNCTION = YES;
				GCC_WARN_UNUSED_VARIABLE = YES;
				IPHONEOS_DEPLOYMENT_TARGET = 17.2;
				LOCALIZATION_PREFERS_STRING_CATALOGS = YES;
				MTL_ENABLE_DEBUG_INFO = NO;
				MTL_FAST_MATH = YES;
				SDKROOT = iphoneos;
				SWIFT_COMPILATION_MODE = wholemodule;
				VALIDATE_PRODUCT = YES;
			};
			name = Release;
		};
		046159802CCB664100539DB3 /* Debug */ = {
			isa = XCBuildConfiguration;
			buildSettings = {
				ASSETCATALOG_COMPILER_APPICON_NAME = AppIcon;
				ASSETCATALOG_COMPILER_GLOBAL_ACCENT_COLOR_NAME = AccentColor;
				CODE_SIGN_STYLE = Automatic;
				CURRENT_PROJECT_VERSION = 1;
				GENERATE_INFOPLIST_FILE = YES;
				INFOPLIST_FILE = Udder/Info.plist;
				INFOPLIST_KEY_UIApplicationSupportsIndirectInputEvents = YES;
				INFOPLIST_KEY_UILaunchStoryboardName = LaunchScreen;
				INFOPLIST_KEY_UIMainStoryboardFile = Main;
				INFOPLIST_KEY_UISupportedInterfaceOrientations_iPad = "UIInterfaceOrientationPortrait UIInterfaceOrientationPortraitUpsideDown UIInterfaceOrientationLandscapeLeft UIInterfaceOrientationLandscapeRight";
				INFOPLIST_KEY_UISupportedInterfaceOrientations_iPhone = "UIInterfaceOrientationPortrait UIInterfaceOrientationLandscapeLeft UIInterfaceOrientationLandscapeRight";
				LD_RUNPATH_SEARCH_PATHS = (
					"$(inherited)",
					"@executable_path/Frameworks",
				);
				MARKETING_VERSION = 1.0;
				PRODUCT_BUNDLE_IDENTIFIER = co.Ivana.Udder;
				PRODUCT_NAME = "$(TARGET_NAME)";
				SWIFT_EMIT_LOC_STRINGS = YES;
				SWIFT_VERSION = 5.0;
				TARGETED_DEVICE_FAMILY = "1,2";
			};
			name = Debug;
		};
		046159812CCB664100539DB3 /* Release */ = {
			isa = XCBuildConfiguration;
			buildSettings = {
				ASSETCATALOG_COMPILER_APPICON_NAME = AppIcon;
				ASSETCATALOG_COMPILER_GLOBAL_ACCENT_COLOR_NAME = AccentColor;
				CODE_SIGN_STYLE = Automatic;
				CURRENT_PROJECT_VERSION = 1;
				GENERATE_INFOPLIST_FILE = YES;
				INFOPLIST_FILE = Udder/Info.plist;
				INFOPLIST_KEY_UIApplicationSupportsIndirectInputEvents = YES;
				INFOPLIST_KEY_UILaunchStoryboardName = LaunchScreen;
				INFOPLIST_KEY_UIMainStoryboardFile = Main;
				INFOPLIST_KEY_UISupportedInterfaceOrientations_iPad = "UIInterfaceOrientationPortrait UIInterfaceOrientationPortraitUpsideDown UIInterfaceOrientationLandscapeLeft UIInterfaceOrientationLandscapeRight";
				INFOPLIST_KEY_UISupportedInterfaceOrientations_iPhone = "UIInterfaceOrientationPortrait UIInterfaceOrientationLandscapeLeft UIInterfaceOrientationLandscapeRight";
				LD_RUNPATH_SEARCH_PATHS = (
					"$(inherited)",
					"@executable_path/Frameworks",
				);
				MARKETING_VERSION = 1.0;
				PRODUCT_BUNDLE_IDENTIFIER = co.Ivana.Udder;
				PRODUCT_NAME = "$(TARGET_NAME)";
				SWIFT_EMIT_LOC_STRINGS = YES;
				SWIFT_VERSION = 5.0;
				TARGETED_DEVICE_FAMILY = "1,2";
			};
			name = Release;
		};
		046159832CCB664100539DB3 /* Debug */ = {
			isa = XCBuildConfiguration;
			buildSettings = {
				ALWAYS_EMBED_SWIFT_STANDARD_LIBRARIES = YES;
				BUNDLE_LOADER = "$(TEST_HOST)";
				CODE_SIGN_STYLE = Automatic;
				CURRENT_PROJECT_VERSION = 1;
				GENERATE_INFOPLIST_FILE = YES;
				IPHONEOS_DEPLOYMENT_TARGET = 17.2;
				MARKETING_VERSION = 1.0;
				PRODUCT_BUNDLE_IDENTIFIER = co.Ivana.UdderTests;
				PRODUCT_NAME = "$(TARGET_NAME)";
				SWIFT_EMIT_LOC_STRINGS = NO;
				SWIFT_VERSION = 5.0;
				TARGETED_DEVICE_FAMILY = "1,2";
				TEST_HOST = "$(BUILT_PRODUCTS_DIR)/Udder.app/$(BUNDLE_EXECUTABLE_FOLDER_PATH)/Udder";
			};
			name = Debug;
		};
		046159842CCB664100539DB3 /* Release */ = {
			isa = XCBuildConfiguration;
			buildSettings = {
				ALWAYS_EMBED_SWIFT_STANDARD_LIBRARIES = YES;
				BUNDLE_LOADER = "$(TEST_HOST)";
				CODE_SIGN_STYLE = Automatic;
				CURRENT_PROJECT_VERSION = 1;
				GENERATE_INFOPLIST_FILE = YES;
				IPHONEOS_DEPLOYMENT_TARGET = 17.2;
				MARKETING_VERSION = 1.0;
				PRODUCT_BUNDLE_IDENTIFIER = co.Ivana.UdderTests;
				PRODUCT_NAME = "$(TARGET_NAME)";
				SWIFT_EMIT_LOC_STRINGS = NO;
				SWIFT_VERSION = 5.0;
				TARGETED_DEVICE_FAMILY = "1,2";
				TEST_HOST = "$(BUILT_PRODUCTS_DIR)/Udder.app/$(BUNDLE_EXECUTABLE_FOLDER_PATH)/Udder";
			};
			name = Release;
		};
		046159862CCB664100539DB3 /* Debug */ = {
			isa = XCBuildConfiguration;
			buildSettings = {
				ALWAYS_EMBED_SWIFT_STANDARD_LIBRARIES = YES;
				CODE_SIGN_STYLE = Automatic;
				CURRENT_PROJECT_VERSION = 1;
				GENERATE_INFOPLIST_FILE = YES;
				MARKETING_VERSION = 1.0;
				PRODUCT_BUNDLE_IDENTIFIER = co.Ivana.UdderUITests;
				PRODUCT_NAME = "$(TARGET_NAME)";
				SWIFT_EMIT_LOC_STRINGS = NO;
				SWIFT_VERSION = 5.0;
				TARGETED_DEVICE_FAMILY = "1,2";
				TEST_TARGET_NAME = Udder;
			};
			name = Debug;
		};
		046159872CCB664100539DB3 /* Release */ = {
			isa = XCBuildConfiguration;
			buildSettings = {
				ALWAYS_EMBED_SWIFT_STANDARD_LIBRARIES = YES;
				CODE_SIGN_STYLE = Automatic;
				CURRENT_PROJECT_VERSION = 1;
				GENERATE_INFOPLIST_FILE = YES;
				MARKETING_VERSION = 1.0;
				PRODUCT_BUNDLE_IDENTIFIER = co.Ivana.UdderUITests;
				PRODUCT_NAME = "$(TARGET_NAME)";
				SWIFT_EMIT_LOC_STRINGS = NO;
				SWIFT_VERSION = 5.0;
				TARGETED_DEVICE_FAMILY = "1,2";
				TEST_TARGET_NAME = Udder;
			};
			name = Release;
		};
/* End XCBuildConfiguration section */

/* Begin XCConfigurationList section */
		046159502CCB663F00539DB3 /* Build configuration list for PBXProject "Udder" */ = {
			isa = XCConfigurationList;
			buildConfigurations = (
				0461597D2CCB664100539DB3 /* Debug */,
				0461597E2CCB664100539DB3 /* Release */,
			);
			defaultConfigurationIsVisible = 0;
			defaultConfigurationName = Release;
		};
		0461597F2CCB664100539DB3 /* Build configuration list for PBXNativeTarget "Udder" */ = {
			isa = XCConfigurationList;
			buildConfigurations = (
				046159802CCB664100539DB3 /* Debug */,
				046159812CCB664100539DB3 /* Release */,
			);
			defaultConfigurationIsVisible = 0;
			defaultConfigurationName = Release;
		};
		046159822CCB664100539DB3 /* Build configuration list for PBXNativeTarget "UdderTests" */ = {
			isa = XCConfigurationList;
			buildConfigurations = (
				046159832CCB664100539DB3 /* Debug */,
				046159842CCB664100539DB3 /* Release */,
			);
			defaultConfigurationIsVisible = 0;
			defaultConfigurationName = Release;
		};
		046159852CCB664100539DB3 /* Build configuration list for PBXNativeTarget "UdderUITests" */ = {
			isa = XCConfigurationList;
			buildConfigurations = (
				046159862CCB664100539DB3 /* Debug */,
				046159872CCB664100539DB3 /* Release */,
			);
			defaultConfigurationIsVisible = 0;
			defaultConfigurationName = Release;
		};
/* End XCConfigurationList section */
	};
	rootObject = 0461594D2CCB663F00539DB3 /* Project object */;
}
